
Microsoft Visual Studio Solution File, Format Version 12.00
# Visual Studio Version 16
VisualStudioVersion = 16.0.33927.289
MinimumVisualStudioVersion = 10.0.40219.1
Project("{FAE04EC0-301F-11D3-BF4B-00C04F79EFBC}") = "Ejercicio_2_sudoku", "Ejercicio_2_sudoku\Ejercicio_2_sudoku.csproj", "{42762E68-A4DE-4403-8553-7DBFB0F83B55}"
EndProject
Global
	GlobalSection(SolutionConfigurationPlatforms) = preSolution
		Debug|Any CPU = Debug|Any CPU
		Release|Any CPU = Release|Any CPU
	EndGlobalSection
	GlobalSection(ProjectConfigurationPlatforms) = postSolution
		{42762E68-A4DE-4403-8553-7DBFB0F83B55}.Debug|Any CPU.ActiveCfg = Debug|Any CPU
		{42762E68-A4DE-4403-8553-7DBFB0F83B55}.Debug|Any CPU.Build.0 = Debug|Any CPU
		{42762E68-A4DE-4403-8553-7DBFB0F83B55}.Release|Any CPU.ActiveCfg = Release|Any CPU
		{42762E68-A4DE-4403-8553-7DBFB0F83B55}.Release|Any CPU.Build.0 = Release|Any CPU
	EndGlobalSection
	GlobalSection(SolutionProperties) = preSolution
		HideSolutionNode = FALSE
	EndGlobalSection
	GlobalSection(ExtensibilityGlobals) = postSolution
		SolutionGuid = {DDA75D71-773A-44E3-A6CE-44FAF988967D}
	EndGlobalSection
EndGlobal
